# Generated by pub
# See https://dart.dev/tools/pub/glossary#lockfile
packages:
  async:
    dependency: "direct main"
    description:
      name: async
      sha256: "947bfcf187f74dbc5e146c9eb9c0f10c9f8b30743e341481c1e2ed3ecc18c20c"
      url: "https://pub.flutter-io.cn"
    source: hosted
    version: "2.11.0"
  collection:
    dependency: transitive
    description:
      name: collection
      sha256: ee67cb0715911d28db6bf4af1026078bd6f0128b07a5f66fb2ed94ec6783c09a
      url: "https://pub.flutter-io.cn"
    source: hosted
    version: "1.18.0"
  meta:
    dependency: "direct main"
    description:
      name: meta
      sha256: d584fa6707a52763a52446f02cc621b077888fb63b93bbcb1143a7be5a0c0c04
      url: "https://pub.flutter-io.cn"
    source: hosted
    version: "1.11.0"
sdks:
  dart: ">=3.0.0 <4.0.0"
